
Microsoft Visual Studio Solution File, Format Version 12.00
# Visual Studio Version 16
VisualStudioVersion = 16.0.31321.278
MinimumVisualStudioVersion = 10.0.40219.1
Project("{FAE04EC0-301F-11D3-BF4B-00C04F79EFBC}") = "GitApp", "GitApp\GitApp.csproj", "{3A70973A-74DC-4C5A-B0A3-7428D1E0142C}"
EndProject
Global
	GlobalSection(SolutionConfigurationPlatforms) = preSolution
		Debug|Any CPU = Debug|Any CPU
		Release|Any CPU = Release|Any CPU
	EndGlobalSection
	GlobalSection(ProjectConfigurationPlatforms) = postSolution
		{3A70973A-74DC-4C5A-B0A3-7428D1E0142C}.Debug|Any CPU.ActiveCfg = Debug|Any CPU
		{3A70973A-74DC-4C5A-B0A3-7428D1E0142C}.Debug|Any CPU.Build.0 = Debug|Any CPU
		{3A70973A-74DC-4C5A-B0A3-7428D1E0142C}.Release|Any CPU.ActiveCfg = Release|Any CPU
		{3A70973A-74DC-4C5A-B0A3-7428D1E0142C}.Release|Any CPU.Build.0 = Release|Any CPU
	EndGlobalSection
	GlobalSection(SolutionProperties) = preSolution
		HideSolutionNode = FALSE
	EndGlobalSection
	GlobalSection(ExtensibilityGlobals) = postSolution
		SolutionGuid = {35A7A0C4-07C5-4074-B117-8B4484F41E93}
	EndGlobalSection
EndGlobal
